
Microsoft Visual Studio Solution File, Format Version 12.00
# Visual Studio Version 17
VisualStudioVersion = 17.4.33213.308
MinimumVisualStudioVersion = 10.0.40219.1
Project("{FAE04EC0-301F-11D3-BF4B-00C04F79EFBC}") = "WeatherApp.Android", "WeatherApp\WeatherApp.Android\WeatherApp.Android.csproj", "{657A9EE7-BE4E-40E8-B799-33F109C6C638}"
EndProject
Project("{FAE04EC0-301F-11D3-BF4B-00C04F79EFBC}") = "WeatherApp.iOS", "WeatherApp\WeatherApp.iOS\WeatherApp.iOS.csproj", "{EE442400-D186-49EE-946C-EDD10281B6DA}"
EndProject
Project("{FAE04EC0-301F-11D3-BF4B-00C04F79EFBC}") = "WeatherApp", "WeatherApp\WeatherApp\WeatherApp.csproj", "{05552538-FD33-4084-8380-4EF67E954077}"
EndProject
Global
	GlobalSection(SolutionConfigurationPlatforms) = preSolution
		Debug|Any CPU = Debug|Any CPU
		Debug|iPhone = Debug|iPhone
		Debug|iPhoneSimulator = Debug|iPhoneSimulator
		Release|Any CPU = Release|Any CPU
		Release|iPhone = Release|iPhone
		Release|iPhoneSimulator = Release|iPhoneSimulator
	EndGlobalSection
	GlobalSection(ProjectConfigurationPlatforms) = postSolution
		{657A9EE7-BE4E-40E8-B799-33F109C6C638}.Debug|Any CPU.ActiveCfg = Debug|Any CPU
		{657A9EE7-BE4E-40E8-B799-33F109C6C638}.Debug|Any CPU.Build.0 = Debug|Any CPU
		{657A9EE7-BE4E-40E8-B799-33F109C6C638}.Debug|Any CPU.Deploy.0 = Debug|Any CPU
		{657A9EE7-BE4E-40E8-B799-33F109C6C638}.Debug|iPhone.ActiveCfg = Debug|Any CPU
		{657A9EE7-BE4E-40E8-B799-33F109C6C638}.Debug|iPhone.Build.0 = Debug|Any CPU
		{657A9EE7-BE4E-40E8-B799-33F109C6C638}.Debug|iPhone.Deploy.0 = Debug|Any CPU
		{657A9EE7-BE4E-40E8-B799-33F109C6C638}.Debug|iPhoneSimulator.ActiveCfg = Debug|Any CPU
		{657A9EE7-BE4E-40E8-B799-33F109C6C638}.Debug|iPhoneSimulator.Build.0 = Debug|Any CPU
		{657A9EE7-BE4E-40E8-B799-33F109C6C638}.Debug|iPhoneSimulator.Deploy.0 = Debug|Any CPU
		{657A9EE7-BE4E-40E8-B799-33F109C6C638}.Release|Any CPU.ActiveCfg = Release|Any CPU
		{657A9EE7-BE4E-40E8-B799-33F109C6C638}.Release|Any CPU.Build.0 = Release|Any CPU
		{657A9EE7-BE4E-40E8-B799-33F109C6C638}.Release|Any CPU.Deploy.0 = Release|Any CPU
		{657A9EE7-BE4E-40E8-B799-33F109C6C638}.Release|iPhone.ActiveCfg = Release|Any CPU
		{657A9EE7-BE4E-40E8-B799-33F109C6C638}.Release|iPhone.Build.0 = Release|Any CPU
		{657A9EE7-BE4E-40E8-B799-33F109C6C638}.Release|iPhone.Deploy.0 = Release|Any CPU
		{657A9EE7-BE4E-40E8-B799-33F109C6C638}.Release|iPhoneSimulator.ActiveCfg = Release|Any CPU
		{657A9EE7-BE4E-40E8-B799-33F109C6C638}.Release|iPhoneSimulator.Build.0 = Release|Any CPU
		{657A9EE7-BE4E-40E8-B799-33F109C6C638}.Release|iPhoneSimulator.Deploy.0 = Release|Any CPU
		{EE442400-D186-49EE-946C-EDD10281B6DA}.Debug|Any CPU.ActiveCfg = Debug|iPhone
		{EE442400-D186-49EE-946C-EDD10281B6DA}.Debug|Any CPU.Build.0 = Debug|iPhone
		{EE442400-D186-49EE-946C-EDD10281B6DA}.Debug|Any CPU.Deploy.0 = Debug|iPhone
		{EE442400-D186-49EE-946C-EDD10281B6DA}.Debug|iPhone.ActiveCfg = Debug|iPhone
		{EE442400-D186-49EE-946C-EDD10281B6DA}.Debug|iPhone.Build.0 = Debug|iPhone
		{EE442400-D186-49EE-946C-EDD10281B6DA}.Debug|iPhone.Deploy.0 = Debug|iPhone
		{EE442400-D186-49EE-946C-EDD10281B6DA}.Debug|iPhoneSimulator.ActiveCfg = Debug|iPhoneSimulator
		{EE442400-D186-49EE-946C-EDD10281B6DA}.Debug|iPhoneSimulator.Build.0 = Debug|iPhoneSimulator
		{EE442400-D186-49EE-946C-EDD10281B6DA}.Debug|iPhoneSimulator.Deploy.0 = Debug|iPhoneSimulator
		{EE442400-D186-49EE-946C-EDD10281B6DA}.Release|Any CPU.ActiveCfg = Release|iPhoneSimulator
		{EE442400-D186-49EE-946C-EDD10281B6DA}.Release|Any CPU.Build.0 = Release|iPhoneSimulator
		{EE442400-D186-49EE-946C-EDD10281B6DA}.Release|Any CPU.Deploy.0 = Release|iPhoneSimulator
		{EE442400-D186-49EE-946C-EDD10281B6DA}.Release|iPhone.ActiveCfg = Release|iPhone
		{EE442400-D186-49EE-946C-EDD10281B6DA}.Release|iPhone.Build.0 = Release|iPhone
		{EE442400-D186-49EE-946C-EDD10281B6DA}.Release|iPhone.Deploy.0 = Release|iPhone
		{EE442400-D186-49EE-946C-EDD10281B6DA}.Release|iPhoneSimulator.ActiveCfg = Release|iPhoneSimulator
		{EE442400-D186-49EE-946C-EDD10281B6DA}.Release|iPhoneSimulator.Build.0 = Release|iPhoneSimulator
		{EE442400-D186-49EE-946C-EDD10281B6DA}.Release|iPhoneSimulator.Deploy.0 = Release|iPhoneSimulator
		{05552538-FD33-4084-8380-4EF67E954077}.Debug|Any CPU.ActiveCfg = Debug|Any CPU
		{05552538-FD33-4084-8380-4EF67E954077}.Debug|Any CPU.Build.0 = Debug|Any CPU
		{05552538-FD33-4084-8380-4EF67E954077}.Debug|Any CPU.Deploy.0 = Debug|Any CPU
		{05552538-FD33-4084-8380-4EF67E954077}.Debug|iPhone.ActiveCfg = Debug|Any CPU
		{05552538-FD33-4084-8380-4EF67E954077}.Debug|iPhone.Build.0 = Debug|Any CPU
		{05552538-FD33-4084-8380-4EF67E954077}.Debug|iPhone.Deploy.0 = Debug|Any CPU
		{05552538-FD33-4084-8380-4EF67E954077}.Debug|iPhoneSimulator.ActiveCfg = Debug|Any CPU
		{05552538-FD33-4084-8380-4EF67E954077}.Debug|iPhoneSimulator.Build.0 = Debug|Any CPU
		{05552538-FD33-4084-8380-4EF67E954077}.Debug|iPhoneSimulator.Deploy.0 = Debug|Any CPU
		{05552538-FD33-4084-8380-4EF67E954077}.Release|Any CPU.ActiveCfg = Release|Any CPU
		{05552538-FD33-4084-8380-4EF67E954077}.Release|Any CPU.Build.0 = Release|Any CPU
		{05552538-FD33-4084-8380-4EF67E954077}.Release|Any CPU.Deploy.0 = Release|Any CPU
		{05552538-FD33-4084-8380-4EF67E954077}.Release|iPhone.ActiveCfg = Release|Any CPU
		{05552538-FD33-4084-8380-4EF67E954077}.Release|iPhone.Build.0 = Release|Any CPU
		{05552538-FD33-4084-8380-4EF67E954077}.Release|iPhone.Deploy.0 = Release|Any CPU
		{05552538-FD33-4084-8380-4EF67E954077}.Release|iPhoneSimulator.ActiveCfg = Release|Any CPU
		{05552538-FD33-4084-8380-4EF67E954077}.Release|iPhoneSimulator.Build.0 = Release|Any CPU
		{05552538-FD33-4084-8380-4EF67E954077}.Release|iPhoneSimulator.Deploy.0 = Release|Any CPU
	EndGlobalSection
	GlobalSection(SolutionProperties) = preSolution
		HideSolutionNode = FALSE
	EndGlobalSection
	GlobalSection(ExtensibilityGlobals) = postSolution
		SolutionGuid = {6B57EAAF-45CF-465A-B735-95E114B5087E}
	EndGlobalSection
EndGlobal
